
Microsoft Visual Studio Solution File, Format Version 12.00
# Visual Studio Version 17
VisualStudioVersion = 17.4.33110.190
MinimumVisualStudioVersion = 10.0.40219.1
Project("{FAE04EC0-301F-11D3-BF4B-00C04F79EFBC}") = "StatisticsCalculator", "StatisticsCalculator.csproj", "{277C304E-B242-49DB-9EA4-8A6B2ED0F4CB}"
EndProject
Global
	GlobalSection(SolutionConfigurationPlatforms) = preSolution
		Debug|Any CPU = Debug|Any CPU
		Release|Any CPU = Release|Any CPU
	EndGlobalSection
	GlobalSection(ProjectConfigurationPlatforms) = postSolution
		{277C304E-B242-49DB-9EA4-8A6B2ED0F4CB}.Debug|Any CPU.ActiveCfg = Debug|Any CPU
		{277C304E-B242-49DB-9EA4-8A6B2ED0F4CB}.Debug|Any CPU.Build.0 = Debug|Any CPU
		{277C304E-B242-49DB-9EA4-8A6B2ED0F4CB}.Release|Any CPU.ActiveCfg = Release|Any CPU
		{277C304E-B242-49DB-9EA4-8A6B2ED0F4CB}.Release|Any CPU.Build.0 = Release|Any CPU
	EndGlobalSection
	GlobalSection(SolutionProperties) = preSolution
		HideSolutionNode = FALSE
	EndGlobalSection
	GlobalSection(ExtensibilityGlobals) = postSolution
		SolutionGuid = {EA10BE03-3079-4858-8DB7-E2137FB0ED1D}
	EndGlobalSection
EndGlobal
